
Microsoft Visual Studio Solution File, Format Version 12.00
# Visual Studio Version 16
VisualStudioVersion = 16.0.31321.278
MinimumVisualStudioVersion = 10.0.40219.1
Project("{FAE04EC0-301F-11D3-BF4B-00C04F79EFBC}") = "Collections Demo", "Collections Demo\Collections Demo.csproj", "{49FAF48B-B37C-47FC-B3FA-0C60950C622E}"
EndProject
Global
	GlobalSection(SolutionConfigurationPlatforms) = preSolution
		Debug|Any CPU = Debug|Any CPU
		Release|Any CPU = Release|Any CPU
	EndGlobalSection
	GlobalSection(ProjectConfigurationPlatforms) = postSolution
		{49FAF48B-B37C-47FC-B3FA-0C60950C622E}.Debug|Any CPU.ActiveCfg = Debug|Any CPU
		{49FAF48B-B37C-47FC-B3FA-0C60950C622E}.Debug|Any CPU.Build.0 = Debug|Any CPU
		{49FAF48B-B37C-47FC-B3FA-0C60950C622E}.Release|Any CPU.ActiveCfg = Release|Any CPU
		{49FAF48B-B37C-47FC-B3FA-0C60950C622E}.Release|Any CPU.Build.0 = Release|Any CPU
	EndGlobalSection
	GlobalSection(SolutionProperties) = preSolution
		HideSolutionNode = FALSE
	EndGlobalSection
	GlobalSection(ExtensibilityGlobals) = postSolution
		SolutionGuid = {51BE0D8D-63F3-4583-B2BF-A9A21921F335}
	EndGlobalSection
EndGlobal
